
Microsoft Visual Studio Solution File, Format Version 12.00
# Visual Studio 15
VisualStudioVersion = 15.0.28307.168
MinimumVisualStudioVersion = 10.0.40219.1
Project("{2150E333-8FDC-42A3-9474-1A3956D46DE8}") = "ArduPlane", "ArduPlane", "{23436C5E-6BBD-406F-80BB-3276537D0780}"
	ProjectSection(SolutionItems) = preProject
		ArduPlane\afs_plane.cpp = ArduPlane\afs_plane.cpp
		ArduPlane\altitude.cpp = ArduPlane\altitude.cpp
		ArduPlane\AP_Arming.cpp = ArduPlane\AP_Arming.cpp
		ArduPlane\AP_Arming.h = ArduPlane\AP_Arming.h
		ArduPlane\APM_Config.h = ArduPlane\APM_Config.h
		ArduPlane\APM_Config.h.reference = ArduPlane\APM_Config.h.reference
		ArduPlane\ArduPlane.cpp = ArduPlane\ArduPlane.cpp
		ArduPlane\Attitude.cpp = ArduPlane\Attitude.cpp
		ArduPlane\avoidance_adsb.cpp = ArduPlane\avoidance_adsb.cpp
		ArduPlane\avoidance_adsb.h = ArduPlane\avoidance_adsb.h
		ArduPlane\capabilities.cpp = ArduPlane\capabilities.cpp
		ArduPlane\commands.cpp = ArduPlane\commands.cpp
		ArduPlane\commands_logic.cpp = ArduPlane\commands_logic.cpp
		ArduPlane\config.h = ArduPlane\config.h
		ArduPlane\control_modes.cpp = ArduPlane\control_modes.cpp
		ArduPlane\createTags = ArduPlane\createTags
		ArduPlane\defines.h = ArduPlane\defines.h
		ArduPlane\events.cpp = ArduPlane\events.cpp
		ArduPlane\failsafe.cpp = ArduPlane\failsafe.cpp
		ArduPlane\GCS_Mavlink.cpp = ArduPlane\GCS_Mavlink.cpp
		ArduPlane\GCS_Mavlink.h = ArduPlane\GCS_Mavlink.h
		ArduPlane\GCS_Plane.cpp = ArduPlane\GCS_Plane.cpp
		ArduPlane\GCS_Plane.h = ArduPlane\GCS_Plane.h
		ArduPlane\geofence.cpp = ArduPlane\geofence.cpp
		ArduPlane\is_flying.cpp = ArduPlane\is_flying.cpp
		ArduPlane\Log.cpp = ArduPlane\Log.cpp
		ArduPlane\make.inc = ArduPlane\make.inc
		ArduPlane\Makefile = ArduPlane\Makefile
		ArduPlane\Makefile.waf = ArduPlane\Makefile.waf
		ArduPlane\motor_test.cpp = ArduPlane\motor_test.cpp
		ArduPlane\navigation.cpp = ArduPlane\navigation.cpp
		ArduPlane\parachute.cpp = ArduPlane\parachute.cpp
		ArduPlane\Parameters.cpp = ArduPlane\Parameters.cpp
		ArduPlane\Parameters.h = ArduPlane\Parameters.h
		ArduPlane\Plane.cpp = ArduPlane\Plane.cpp
		ArduPlane\Plane.h = ArduPlane\Plane.h
		ArduPlane\px4_mixer.cpp = ArduPlane\px4_mixer.cpp
		ArduPlane\quadplane.cpp = ArduPlane\quadplane.cpp
		ArduPlane\quadplane.h = ArduPlane\quadplane.h
		ArduPlane\radio.cpp = ArduPlane\radio.cpp
		ArduPlane\release-notes.txt = ArduPlane\release-notes.txt
		ArduPlane\sensors.cpp = ArduPlane\sensors.cpp
		ArduPlane\servos.cpp = ArduPlane\servos.cpp
		ArduPlane\soaring.cpp = ArduPlane\soaring.cpp
		ArduPlane\system.cpp = ArduPlane\system.cpp
		ArduPlane\tailsitter.cpp = ArduPlane\tailsitter.cpp
		ArduPlane\takeoff.cpp = ArduPlane\takeoff.cpp
		ArduPlane\tiltrotor.cpp = ArduPlane\tiltrotor.cpp
		ArduPlane\tuning.cpp = ArduPlane\tuning.cpp
		ArduPlane\tuning.h = ArduPlane\tuning.h
		ArduPlane\version.cpp = ArduPlane\version.cpp
		ArduPlane\version.h = ArduPlane\version.h
		ArduPlane\wscript = ArduPlane\wscript
	EndProjectSection
EndProject
Project("{2150E333-8FDC-42A3-9474-1A3956D46DE8}") = "libraries", "libraries", "{FF8E1147-F0CC-4B62-B736-2747B54F6430}"
EndProject
Project("{2150E333-8FDC-42A3-9474-1A3956D46DE8}") = "SRV_Channel", "SRV_Channel", "{237DAD9C-96D7-4228-A400-70A9EFFE93BD}"
	ProjectSection(SolutionItems) = preProject
		libraries\SRV_Channel\SRV_Channel.cpp = libraries\SRV_Channel\SRV_Channel.cpp
		libraries\SRV_Channel\SRV_Channel.h = libraries\SRV_Channel\SRV_Channel.h
		libraries\SRV_Channel\SRV_Channel_aux.cpp = libraries\SRV_Channel\SRV_Channel_aux.cpp
		libraries\SRV_Channel\SRV_Channels.cpp = libraries\SRV_Channel\SRV_Channels.cpp
	EndProjectSection
EndProject
Project("{2150E333-8FDC-42A3-9474-1A3956D46DE8}") = "AP_Motors", "AP_Motors", "{40EFD5EC-1C17-4743-9621-95BC65FC8640}"
	ProjectSection(SolutionItems) = preProject
		libraries\AP_Motors\AP_Motors.h = libraries\AP_Motors\AP_Motors.h
		libraries\AP_Motors\AP_Motors6DOF.cpp = libraries\AP_Motors\AP_Motors6DOF.cpp
		libraries\AP_Motors\AP_Motors6DOF.h = libraries\AP_Motors\AP_Motors6DOF.h
		libraries\AP_Motors\AP_Motors_Class.cpp = libraries\AP_Motors\AP_Motors_Class.cpp
		libraries\AP_Motors\AP_Motors_Class.h = libraries\AP_Motors\AP_Motors_Class.h
		libraries\AP_Motors\AP_MotorsCoax.cpp = libraries\AP_Motors\AP_MotorsCoax.cpp
		libraries\AP_Motors\AP_MotorsCoax.h = libraries\AP_Motors\AP_MotorsCoax.h
		libraries\AP_Motors\AP_MotorsHeli.cpp = libraries\AP_Motors\AP_MotorsHeli.cpp
		libraries\AP_Motors\AP_MotorsHeli.h = libraries\AP_Motors\AP_MotorsHeli.h
		libraries\AP_Motors\AP_MotorsHeli_Dual.cpp = libraries\AP_Motors\AP_MotorsHeli_Dual.cpp
		libraries\AP_Motors\AP_MotorsHeli_Dual.h = libraries\AP_Motors\AP_MotorsHeli_Dual.h
		libraries\AP_Motors\AP_MotorsHeli_Quad.cpp = libraries\AP_Motors\AP_MotorsHeli_Quad.cpp
		libraries\AP_Motors\AP_MotorsHeli_Quad.h = libraries\AP_Motors\AP_MotorsHeli_Quad.h
		libraries\AP_Motors\AP_MotorsHeli_RSC.cpp = libraries\AP_Motors\AP_MotorsHeli_RSC.cpp
		libraries\AP_Motors\AP_MotorsHeli_RSC.h = libraries\AP_Motors\AP_MotorsHeli_RSC.h
		libraries\AP_Motors\AP_MotorsHeli_Single.cpp = libraries\AP_Motors\AP_MotorsHeli_Single.cpp
		libraries\AP_Motors\AP_MotorsHeli_Single.h = libraries\AP_Motors\AP_MotorsHeli_Single.h
		libraries\AP_Motors\AP_MotorsMatrix.cpp = libraries\AP_Motors\AP_MotorsMatrix.cpp
		libraries\AP_Motors\AP_MotorsMatrix.h = libraries\AP_Motors\AP_MotorsMatrix.h
		libraries\AP_Motors\AP_MotorsMulticopter.cpp = libraries\AP_Motors\AP_MotorsMulticopter.cpp
		libraries\AP_Motors\AP_MotorsMulticopter.h = libraries\AP_Motors\AP_MotorsMulticopter.h
		libraries\AP_Motors\AP_MotorsSingle.cpp = libraries\AP_Motors\AP_MotorsSingle.cpp
		libraries\AP_Motors\AP_MotorsSingle.h = libraries\AP_Motors\AP_MotorsSingle.h
		libraries\AP_Motors\AP_MotorsTailsitter.cpp = libraries\AP_Motors\AP_MotorsTailsitter.cpp
		libraries\AP_Motors\AP_MotorsTailsitter.h = libraries\AP_Motors\AP_MotorsTailsitter.h
		libraries\AP_Motors\AP_MotorsTri.cpp = libraries\AP_Motors\AP_MotorsTri.cpp
		libraries\AP_Motors\AP_MotorsTri.h = libraries\AP_Motors\AP_MotorsTri.h
	EndProjectSection
EndProject
Project("{2150E333-8FDC-42A3-9474-1A3956D46DE8}") = "AC_AttitudeControl", "AC_AttitudeControl", "{B7347972-067A-4A53-9055-976845645C44}"
	ProjectSection(SolutionItems) = preProject
		libraries\AC_AttitudeControl\AC_AttitudeControl.cpp = libraries\AC_AttitudeControl\AC_AttitudeControl.cpp
		libraries\AC_AttitudeControl\AC_AttitudeControl.h = libraries\AC_AttitudeControl\AC_AttitudeControl.h
		libraries\AC_AttitudeControl\AC_AttitudeControl_Heli.cpp = libraries\AC_AttitudeControl\AC_AttitudeControl_Heli.cpp
		libraries\AC_AttitudeControl\AC_AttitudeControl_Heli.h = libraries\AC_AttitudeControl\AC_AttitudeControl_Heli.h
		libraries\AC_AttitudeControl\AC_AttitudeControl_Multi.cpp = libraries\AC_AttitudeControl\AC_AttitudeControl_Multi.cpp
		libraries\AC_AttitudeControl\AC_AttitudeControl_Multi.h = libraries\AC_AttitudeControl\AC_AttitudeControl_Multi.h
		libraries\AC_AttitudeControl\AC_AttitudeControl_Sub.cpp = libraries\AC_AttitudeControl\AC_AttitudeControl_Sub.cpp
		libraries\AC_AttitudeControl\AC_AttitudeControl_Sub.h = libraries\AC_AttitudeControl\AC_AttitudeControl_Sub.h
		libraries\AC_AttitudeControl\AC_PosControl.cpp = libraries\AC_AttitudeControl\AC_PosControl.cpp
		libraries\AC_AttitudeControl\AC_PosControl.h = libraries\AC_AttitudeControl\AC_PosControl.h
		libraries\AC_AttitudeControl\AC_PosControl_Sub.cpp = libraries\AC_AttitudeControl\AC_PosControl_Sub.cpp
		libraries\AC_AttitudeControl\AC_PosControl_Sub.h = libraries\AC_AttitudeControl\AC_PosControl_Sub.h
		libraries\AC_AttitudeControl\ControlMonitor.cpp = libraries\AC_AttitudeControl\ControlMonitor.cpp
	EndProjectSection
EndProject
Project("{2150E333-8FDC-42A3-9474-1A3956D46DE8}") = "ArduCopter", "ArduCopter", "{CC13281E-E967-4BEF-A396-24012F3BD716}"
	ProjectSection(SolutionItems) = preProject
		ArduCopter\afs_copter.cpp = ArduCopter\afs_copter.cpp
		ArduCopter\afs_copter.h = ArduCopter\afs_copter.h
		ArduCopter\AP_Arming.cpp = ArduCopter\AP_Arming.cpp
		ArduCopter\AP_Arming.h = ArduCopter\AP_Arming.h
		ArduCopter\AP_Rally.cpp = ArduCopter\AP_Rally.cpp
		ArduCopter\AP_Rally.h = ArduCopter\AP_Rally.h
		ArduCopter\AP_State.cpp = ArduCopter\AP_State.cpp
		ArduCopter\APM_Config.h = ArduCopter\APM_Config.h
		ArduCopter\APM_Config_mavlink_hil.h = ArduCopter\APM_Config_mavlink_hil.h
		ArduCopter\ArduCopter.cpp = ArduCopter\ArduCopter.cpp
		ArduCopter\Attitude.cpp = ArduCopter\Attitude.cpp
		ArduCopter\autoyaw.cpp = ArduCopter\autoyaw.cpp
		ArduCopter\avoidance_adsb.cpp = ArduCopter\avoidance_adsb.cpp
		ArduCopter\avoidance_adsb.h = ArduCopter\avoidance_adsb.h
		ArduCopter\baro_ground_effect.cpp = ArduCopter\baro_ground_effect.cpp
		ArduCopter\capabilities.cpp = ArduCopter\capabilities.cpp
		ArduCopter\commands.cpp = ArduCopter\commands.cpp
		ArduCopter\compassmot.cpp = ArduCopter\compassmot.cpp
		ArduCopter\config.h = ArduCopter\config.h
		ArduCopter\Copter.cpp = ArduCopter\Copter.cpp
		ArduCopter\Copter.h = ArduCopter\Copter.h
		ArduCopter\crash_check.cpp = ArduCopter\crash_check.cpp
		ArduCopter\defines.h = ArduCopter\defines.h
		ArduCopter\ekf_check.cpp = ArduCopter\ekf_check.cpp
		ArduCopter\esc_calibration.cpp = ArduCopter\esc_calibration.cpp
		ArduCopter\events.cpp = ArduCopter\events.cpp
		ArduCopter\failsafe.cpp = ArduCopter\failsafe.cpp
		ArduCopter\fence.cpp = ArduCopter\fence.cpp
		ArduCopter\GCS_Copter.h = ArduCopter\GCS_Copter.h
		ArduCopter\GCS_Mavlink.cpp = ArduCopter\GCS_Mavlink.cpp
		ArduCopter\GCS_Mavlink.h = ArduCopter\GCS_Mavlink.h
		ArduCopter\heli.cpp = ArduCopter\heli.cpp
		ArduCopter\inertia.cpp = ArduCopter\inertia.cpp
		ArduCopter\land_detector.cpp = ArduCopter\land_detector.cpp
		ArduCopter\landing_gear.cpp = ArduCopter\landing_gear.cpp
		ArduCopter\leds.cpp = ArduCopter\leds.cpp
		ArduCopter\Log.cpp = ArduCopter\Log.cpp
		ArduCopter\make.inc = ArduCopter\make.inc
		ArduCopter\Makefile = ArduCopter\Makefile
		ArduCopter\Makefile.waf = ArduCopter\Makefile.waf
		ArduCopter\mode.cpp = ArduCopter\mode.cpp
		ArduCopter\mode.h = ArduCopter\mode.h
		ArduCopter\mode_acro.cpp = ArduCopter\mode_acro.cpp
		ArduCopter\mode_acro_heli.cpp = ArduCopter\mode_acro_heli.cpp
		ArduCopter\mode_althold.cpp = ArduCopter\mode_althold.cpp
		ArduCopter\mode_auto.cpp = ArduCopter\mode_auto.cpp
		ArduCopter\mode_autotune.cpp = ArduCopter\mode_autotune.cpp
		ArduCopter\mode_avoid_adsb.cpp = ArduCopter\mode_avoid_adsb.cpp
		ArduCopter\mode_brake.cpp = ArduCopter\mode_brake.cpp
		ArduCopter\mode_circle.cpp = ArduCopter\mode_circle.cpp
		ArduCopter\mode_drift.cpp = ArduCopter\mode_drift.cpp
		ArduCopter\mode_flip.cpp = ArduCopter\mode_flip.cpp
		ArduCopter\mode_flowhold.cpp = ArduCopter\mode_flowhold.cpp
		ArduCopter\mode_follow.cpp = ArduCopter\mode_follow.cpp
		ArduCopter\mode_guided.cpp = ArduCopter\mode_guided.cpp
		ArduCopter\mode_guided_nogps.cpp = ArduCopter\mode_guided_nogps.cpp
		ArduCopter\mode_land.cpp = ArduCopter\mode_land.cpp
		ArduCopter\mode_loiter.cpp = ArduCopter\mode_loiter.cpp
		ArduCopter\mode_poshold.cpp = ArduCopter\mode_poshold.cpp
		ArduCopter\mode_rtl.cpp = ArduCopter\mode_rtl.cpp
		ArduCopter\mode_smart_rtl.cpp = ArduCopter\mode_smart_rtl.cpp
		ArduCopter\mode_sport.cpp = ArduCopter\mode_sport.cpp
		ArduCopter\mode_stabilize.cpp = ArduCopter\mode_stabilize.cpp
		ArduCopter\mode_stabilize_heli.cpp = ArduCopter\mode_stabilize_heli.cpp
		ArduCopter\mode_throw.cpp = ArduCopter\mode_throw.cpp
		ArduCopter\motor_test.cpp = ArduCopter\motor_test.cpp
		ArduCopter\motors.cpp = ArduCopter\motors.cpp
		ArduCopter\navigation.cpp = ArduCopter\navigation.cpp
		ArduCopter\Parameters.cpp = ArduCopter\Parameters.cpp
		ArduCopter\Parameters.h = ArduCopter\Parameters.h
		ArduCopter\position_vector.cpp = ArduCopter\position_vector.cpp
		ArduCopter\precision_landing.cpp = ArduCopter\precision_landing.cpp
		ArduCopter\radio.cpp = ArduCopter\radio.cpp
		ArduCopter\ReleaseNotes.txt = ArduCopter\ReleaseNotes.txt
		ArduCopter\sensors.cpp = ArduCopter\sensors.cpp
		ArduCopter\setup.cpp = ArduCopter\setup.cpp
		ArduCopter\switches.cpp = ArduCopter\switches.cpp
		ArduCopter\system.cpp = ArduCopter\system.cpp
		ArduCopter\takeoff.cpp = ArduCopter\takeoff.cpp
		ArduCopter\terrain.cpp = ArduCopter\terrain.cpp
		ArduCopter\toy_mode.cpp = ArduCopter\toy_mode.cpp
		ArduCopter\toy_mode.h = ArduCopter\toy_mode.h
		ArduCopter\tuning.cpp = ArduCopter\tuning.cpp
		ArduCopter\UserCode.cpp = ArduCopter\UserCode.cpp
		ArduCopter\UserVariables.h = ArduCopter\UserVariables.h
		ArduCopter\version.cpp = ArduCopter\version.cpp
		ArduCopter\version.h = ArduCopter\version.h
		ArduCopter\wscript = ArduCopter\wscript
	EndProjectSection
EndProject
Project("{2150E333-8FDC-42A3-9474-1A3956D46DE8}") = "AP_HAL", "AP_HAL", "{10AAD203-106E-4745-86B8-C24634C97875}"
	ProjectSection(SolutionItems) = preProject
		libraries\AP_HAL\AnalogIn.h = libraries\AP_HAL\AnalogIn.h
		libraries\AP_HAL\AP_HAL.h = libraries\AP_HAL\AP_HAL.h
		libraries\AP_HAL\AP_HAL_Boards.h = libraries\AP_HAL\AP_HAL_Boards.h
		libraries\AP_HAL\AP_HAL_Macros.h = libraries\AP_HAL\AP_HAL_Macros.h
		libraries\AP_HAL\AP_HAL_Main.h = libraries\AP_HAL\AP_HAL_Main.h
		libraries\AP_HAL\AP_HAL_Namespace.h = libraries\AP_HAL\AP_HAL_Namespace.h
		libraries\AP_HAL\CAN.h = libraries\AP_HAL\CAN.h
		libraries\AP_HAL\Device.cpp = libraries\AP_HAL\Device.cpp
		libraries\AP_HAL\Device.h = libraries\AP_HAL\Device.h
		libraries\AP_HAL\GPIO.h = libraries\AP_HAL\GPIO.h
		libraries\AP_HAL\HAL.cpp = libraries\AP_HAL\HAL.cpp
		libraries\AP_HAL\HAL.h = libraries\AP_HAL\HAL.h
		libraries\AP_HAL\I2CDevice.h = libraries\AP_HAL\I2CDevice.h
		libraries\AP_HAL\OpticalFlow.h = libraries\AP_HAL\OpticalFlow.h
		libraries\AP_HAL\RCInput.h = libraries\AP_HAL\RCInput.h
		libraries\AP_HAL\RCOutput.h = libraries\AP_HAL\RCOutput.h
		libraries\AP_HAL\Scheduler.cpp = libraries\AP_HAL\Scheduler.cpp
		libraries\AP_HAL\Scheduler.h = libraries\AP_HAL\Scheduler.h
		libraries\AP_HAL\Semaphores.h = libraries\AP_HAL\Semaphores.h
		libraries\AP_HAL\SPIDevice.h = libraries\AP_HAL\SPIDevice.h
		libraries\AP_HAL\Storage.h = libraries\AP_HAL\Storage.h
		libraries\AP_HAL\system.h = libraries\AP_HAL\system.h
		libraries\AP_HAL\UARTDriver.h = libraries\AP_HAL\UARTDriver.h
		libraries\AP_HAL\Util.cpp = libraries\AP_HAL\Util.cpp
		libraries\AP_HAL\Util.h = libraries\AP_HAL\Util.h
	EndProjectSection
EndProject
Global
	GlobalSection(SolutionProperties) = preSolution
		HideSolutionNode = FALSE
	EndGlobalSection
	GlobalSection(NestedProjects) = preSolution
		{237DAD9C-96D7-4228-A400-70A9EFFE93BD} = {FF8E1147-F0CC-4B62-B736-2747B54F6430}
		{40EFD5EC-1C17-4743-9621-95BC65FC8640} = {FF8E1147-F0CC-4B62-B736-2747B54F6430}
		{B7347972-067A-4A53-9055-976845645C44} = {FF8E1147-F0CC-4B62-B736-2747B54F6430}
		{10AAD203-106E-4745-86B8-C24634C97875} = {FF8E1147-F0CC-4B62-B736-2747B54F6430}
	EndGlobalSection
	GlobalSection(ExtensibilityGlobals) = postSolution
		SolutionGuid = {C40C301C-54C9-4FD1-B3E5-128952F5070C}
	EndGlobalSection
EndGlobal
